
Microsoft Visual Studio Solution File, Format Version 12.00
# Visual Studio Version 16
VisualStudioVersion = 25.0.1706.3
MinimumVisualStudioVersion = 10.0.40219.1
Project("{FAE04EC0-301F-11D3-BF4B-00C04F79EFBC}") = "DispatchesApp", "DispatchesApp\DispatchesApp.csproj", "{E6425829-43EC-44F4-92E5-E32F37A5A899}"
EndProject
Global
	GlobalSection(SolutionConfigurationPlatforms) = preSolution
		Debug|Any CPU = Debug|Any CPU
		Release|Any CPU = Release|Any CPU
	EndGlobalSection
	GlobalSection(ProjectConfigurationPlatforms) = postSolution
		{9BA7466E-6D50-4E58-B715-707D101F9A3E}.Debug|Any CPU.ActiveCfg = Debug|Any CPU
		{9BA7466E-6D50-4E58-B715-707D101F9A3E}.Debug|Any CPU.Build.0 = Debug|Any CPU
		{9BA7466E-6D50-4E58-B715-707D101F9A3E}.Release|Any CPU.ActiveCfg = Release|Any CPU
		{9BA7466E-6D50-4E58-B715-707D101F9A3E}.Release|Any CPU.Build.0 = Release|Any CPU
		{E6425829-43EC-44F4-92E5-E32F37A5A899}.Debug|Any CPU.ActiveCfg = Debug|Any CPU
		{E6425829-43EC-44F4-92E5-E32F37A5A899}.Debug|Any CPU.Build.0 = Debug|Any CPU
		{E6425829-43EC-44F4-92E5-E32F37A5A899}.Release|Any CPU.ActiveCfg = Release|Any CPU
		{E6425829-43EC-44F4-92E5-E32F37A5A899}.Release|Any CPU.Build.0 = Release|Any CPU
	EndGlobalSection
	GlobalSection(SolutionProperties) = preSolution
		HideSolutionNode = FALSE
	EndGlobalSection
	GlobalSection(ExtensibilityGlobals) = postSolution
		SolutionGuid = {B1250733-FEA4-4300-A013-1D86A6B0C54B}
	EndGlobalSection
	GlobalSection(MonoDevelopProperties) = preSolution
		version = 2.1.5.0
		Policies = $0
		$0.DotNetNamingPolicy = $1
		$1.DirectoryNamespaceAssociation = PrefixedHierarchical
		$0.TextStylePolicy = $2
		$2.inheritsSet = null
		$2.scope = text/x-csharp
		$0.CSharpFormattingPolicy = $3
		$3.scope = text/x-csharp
		$0.TextStylePolicy = $4
		$4.FileWidth = 80
		$4.TabsToSpaces = True
		$4.scope = text/plain
		$0.TextStylePolicy = $5
		$5.inheritsSet = null
		$5.scope = text/x-vs
	EndGlobalSection
EndGlobal
